
Microsoft Visual Studio Solution File, Format Version 12.00
# Visual Studio 14
VisualStudioVersion = 14.0.25420.1
MinimumVisualStudioVersion = 10.0.40219.1
Project("{FAE04EC0-301F-11D3-BF4B-00C04F79EFBC}") = "02.Append Lists", "02.Append Lists\02.Append Lists.csproj", "{D1CEAA11-AC5E-4954-B5D3-0CC162FB0461}"
EndProject
Project("{FAE04EC0-301F-11D3-BF4B-00C04F79EFBC}") = "01.Remove Negatives", "01.Remove Negatives.Reshenie 2\01.Remove Negatives.csproj", "{FCECDF33-8CA0-4E83-BC51-40C021A89F77}"
EndProject
Project("{FAE04EC0-301F-11D3-BF4B-00C04F79EFBC}") = "03.Sum_AdjustmentEqual Numbers", "03.Sum Adjacent Equal Numbers\03.Sum_AdjustmentEqual Numbers.csproj", "{17A17FD5-C278-42FA-B4A1-26FB000A0E90}"
EndProject
Project("{FAE04EC0-301F-11D3-BF4B-00C04F79EFBC}") = "04.Split by Word Casing", "04.Split by Word Casing\04.Split by Word Casing.csproj", "{6235EF5C-FE16-4E64-9D31-34CECA2200FD}"
EndProject
Project("{FAE04EC0-301F-11D3-BF4B-00C04F79EFBC}") = "05.Sort Numbers", "05.Sort Numbers\05.Sort Numbers.csproj", "{DD1F32EE-2205-47FD-A519-CAD96ED9FEEA}"
EndProject
Project("{FAE04EC0-301F-11D3-BF4B-00C04F79EFBC}") = "06.Square Numbers", "06.Square Numbers\06.Square Numbers.csproj", "{D67D7209-D2F5-46B6-B8D4-E2932DB6A153}"
EndProject
Project("{FAE04EC0-301F-11D3-BF4B-00C04F79EFBC}") = "07.Count Numbers", "07.Count Numbers\07.Count Numbers.csproj", "{310B44D3-64D1-4DE6-9A68-1A680F4810B7}"
EndProject
Project("{FAE04EC0-301F-11D3-BF4B-00C04F79EFBC}") = "08.Max_Sequence", "08.Max_Sequence\08.Max_Sequence.csproj", "{4936FBD8-3E1B-4847-A020-4CDE72845B67}"
EndProject
Global
	GlobalSection(SolutionConfigurationPlatforms) = preSolution
		Debug|Any CPU = Debug|Any CPU
		Release|Any CPU = Release|Any CPU
	EndGlobalSection
	GlobalSection(ProjectConfigurationPlatforms) = postSolution
		{D1CEAA11-AC5E-4954-B5D3-0CC162FB0461}.Debug|Any CPU.ActiveCfg = Debug|Any CPU
		{D1CEAA11-AC5E-4954-B5D3-0CC162FB0461}.Debug|Any CPU.Build.0 = Debug|Any CPU
		{D1CEAA11-AC5E-4954-B5D3-0CC162FB0461}.Release|Any CPU.ActiveCfg = Release|Any CPU
		{D1CEAA11-AC5E-4954-B5D3-0CC162FB0461}.Release|Any CPU.Build.0 = Release|Any CPU
		{FCECDF33-8CA0-4E83-BC51-40C021A89F77}.Debug|Any CPU.ActiveCfg = Debug|Any CPU
		{FCECDF33-8CA0-4E83-BC51-40C021A89F77}.Debug|Any CPU.Build.0 = Debug|Any CPU
		{FCECDF33-8CA0-4E83-BC51-40C021A89F77}.Release|Any CPU.ActiveCfg = Release|Any CPU
		{FCECDF33-8CA0-4E83-BC51-40C021A89F77}.Release|Any CPU.Build.0 = Release|Any CPU
		{17A17FD5-C278-42FA-B4A1-26FB000A0E90}.Debug|Any CPU.ActiveCfg = Debug|Any CPU
		{17A17FD5-C278-42FA-B4A1-26FB000A0E90}.Debug|Any CPU.Build.0 = Debug|Any CPU
		{17A17FD5-C278-42FA-B4A1-26FB000A0E90}.Release|Any CPU.ActiveCfg = Release|Any CPU
		{17A17FD5-C278-42FA-B4A1-26FB000A0E90}.Release|Any CPU.Build.0 = Release|Any CPU
		{6235EF5C-FE16-4E64-9D31-34CECA2200FD}.Debug|Any CPU.ActiveCfg = Debug|Any CPU
		{6235EF5C-FE16-4E64-9D31-34CECA2200FD}.Debug|Any CPU.Build.0 = Debug|Any CPU
		{6235EF5C-FE16-4E64-9D31-34CECA2200FD}.Release|Any CPU.ActiveCfg = Release|Any CPU
		{6235EF5C-FE16-4E64-9D31-34CECA2200FD}.Release|Any CPU.Build.0 = Release|Any CPU
		{DD1F32EE-2205-47FD-A519-CAD96ED9FEEA}.Debug|Any CPU.ActiveCfg = Debug|Any CPU
		{DD1F32EE-2205-47FD-A519-CAD96ED9FEEA}.Debug|Any CPU.Build.0 = Debug|Any CPU
		{DD1F32EE-2205-47FD-A519-CAD96ED9FEEA}.Release|Any CPU.ActiveCfg = Release|Any CPU
		{DD1F32EE-2205-47FD-A519-CAD96ED9FEEA}.Release|Any CPU.Build.0 = Release|Any CPU
		{D67D7209-D2F5-46B6-B8D4-E2932DB6A153}.Debug|Any CPU.ActiveCfg = Debug|Any CPU
		{D67D7209-D2F5-46B6-B8D4-E2932DB6A153}.Debug|Any CPU.Build.0 = Debug|Any CPU
		{D67D7209-D2F5-46B6-B8D4-E2932DB6A153}.Release|Any CPU.ActiveCfg = Release|Any CPU
		{D67D7209-D2F5-46B6-B8D4-E2932DB6A153}.Release|Any CPU.Build.0 = Release|Any CPU
		{310B44D3-64D1-4DE6-9A68-1A680F4810B7}.Debug|Any CPU.ActiveCfg = Debug|Any CPU
		{310B44D3-64D1-4DE6-9A68-1A680F4810B7}.Debug|Any CPU.Build.0 = Debug|Any CPU
		{310B44D3-64D1-4DE6-9A68-1A680F4810B7}.Release|Any CPU.ActiveCfg = Release|Any CPU
		{310B44D3-64D1-4DE6-9A68-1A680F4810B7}.Release|Any CPU.Build.0 = Release|Any CPU
		{4936FBD8-3E1B-4847-A020-4CDE72845B67}.Debug|Any CPU.ActiveCfg = Debug|Any CPU
		{4936FBD8-3E1B-4847-A020-4CDE72845B67}.Debug|Any CPU.Build.0 = Debug|Any CPU
		{4936FBD8-3E1B-4847-A020-4CDE72845B67}.Release|Any CPU.ActiveCfg = Release|Any CPU
		{4936FBD8-3E1B-4847-A020-4CDE72845B67}.Release|Any CPU.Build.0 = Release|Any CPU
	EndGlobalSection
	GlobalSection(SolutionProperties) = preSolution
		HideSolutionNode = FALSE
	EndGlobalSection
EndGlobal
